{
  "name": "web-component-tests",
  "version": "1.0.0",
  "lockfileVersion": 1,
  "requires": true,
  "dependencies": {
    "@patternfly/pfe-accordion": {
      "version": "1.0.0-prerelease.27",
      "resolved": "https://registry.npmjs.org/@patternfly/pfe-accordion/-/pfe-accordion-1.0.0-prerelease.27.tgz",
      "integrity": "sha512-HKYTggxyfWsK3ft2lrJSpWlb8b3B1FvJyY92E4CE0dKKClKu/hOsb1LyHHaNKYvE0H5YcYrl09uLPNgqDQke7w==",
      "requires": {
        "@patternfly/pfe-sass": "^1.0.0-prerelease.27",
        "@patternfly/pfelement": "^1.0.0-prerelease.27"
      }
    },
    "@patternfly/pfe-card": {
      "version": "1.0.0-prerelease.27",
      "resolved": "https://registry.npmjs.org/@patternfly/pfe-card/-/pfe-card-1.0.0-prerelease.27.tgz",
      "integrity": "sha512-YXM6D9b2TBD+LBZoHSl09eUId7vyIq3vAjCQu5mXVgfCp26/dyiM9exR6wgXOQFF/3lpdR/EG3WxKsIioNNflg==",
      "requires": {
        "@patternfly/pfe-sass": "^1.0.0-prerelease.27",
        "@patternfly/pfelement": "^1.0.0-prerelease.27"
      }
    },
    "@patternfly/pfe-cta": {
      "version": "1.0.0-prerelease.27",
      "resolved": "https://registry.npmjs.org/@patternfly/pfe-cta/-/pfe-cta-1.0.0-prerelease.27.tgz",
      "integrity": "sha512-d13U0zop+Fp6S8QouiP8+cJBhFBQeee+eGRz/w94Uj566B3OT0Bg7b0wgwuQDJApMJOFsJHbTxiRzKKoSHTfIA==",
      "requires": {
        "@patternfly/pfe-sass": "^1.0.0-prerelease.27",
        "@patternfly/pfelement": "^1.0.0-prerelease.27"
      }
    },
    "@patternfly/pfe-layouts": {
      "version": "1.0.0-prerelease.27",
      "resolved": "https://registry.npmjs.org/@patternfly/pfe-layouts/-/pfe-layouts-1.0.0-prerelease.27.tgz",
      "integrity": "sha512-aRvGzOrnJ7rDz01yN7oWV37QnoijPxElhydvmVZZXWPoNYiANISWy7sfVzUBO/ATsecj1BtAdNRvuCa+Lw82Sw==",
      "requires": {
        "@patternfly/pfe-sass": "^1.0.0-prerelease.27"
      }
    },
    "@patternfly/pfe-sass": {
      "version": "1.0.0-prerelease.27",
      "resolved": "https://registry.npmjs.org/@patternfly/pfe-sass/-/pfe-sass-1.0.0-prerelease.27.tgz",
      "integrity": "sha512-tgau747h2WSzKdjofc2GFTaYQQlhG3ujNiw4bfGP/NiTM/f8S12M5SjiAXxqz6VEMDfbo1qDI3URK5yfm4FGZg=="
    },
    "@patternfly/pfe-tabs": {
      "version": "1.0.0-prerelease.27",
      "resolved": "https://registry.npmjs.org/@patternfly/pfe-tabs/-/pfe-tabs-1.0.0-prerelease.27.tgz",
      "integrity": "sha512-U0H8kiFgUZs2Vqg78dX/EFLjSllgwyaY8T4jlCfcFUhIZjT9PPAvDJMlzP868Kg7APOptpc3xJRGk5UiTHKM/A==",
      "requires": {
        "@patternfly/pfe-sass": "^1.0.0-prerelease.27",
        "@patternfly/pfelement": "^1.0.0-prerelease.27"
      }
    },
    "@patternfly/pfelement": {
      "version": "1.0.0-prerelease.27",
      "resolved": "https://registry.npmjs.org/@patternfly/pfelement/-/pfelement-1.0.0-prerelease.27.tgz",
      "integrity": "sha512-ppoflK3/C1qZGsMEBGMnD9iDlMKgPoLeSMQsL3Sk4eTV8zfTZsCpjYSCXhBvfuV/jBR1laSXURgqsMp+OtBT1A=="
    }
  }
}
